PODS:
  - AvoInspector (1.1.1):
    - IosAnalyticsDebugger (~> 1.2.0)
  - Expecta (1.0.6)
  - "Expecta+Snapshots (3.1.1)":
    - Expecta (~> 1.0)
    - FBSnapshotTestCase/Core (~> 2.0)
    - Specta (~> 1.0)
  - FBSnapshotTestCase (2.1.4):
    - FBSnapshotTestCase/SwiftSupport (= 2.1.4)
  - FBSnapshotTestCase/Core (2.1.4)
  - FBSnapshotTestCase/SwiftSupport (2.1.4):
    - FBSnapshotTestCase/Core
  - IosAnalyticsDebugger (1.2.3)
  - OCMock (3.9.1)
  - Specta (1.0.7)

DEPENDENCIES:
  - AvoInspector (~> 1.1.1)
  - Expecta
  - "Expecta+Snapshots"
  - FBSnapshotTestCase
  - IosAnalyticsDebugger (from `../`)
  - OCMock
  - Specta

SPEC REPOS:
  trunk:
    - AvoInspector
    - Expecta
    - "Expecta+Snapshots"
    - FBSnapshotTestCase
    - OCMock
    - Specta

EXTERNAL SOURCES:
  IosAnalyticsDebugger:
    :path: "../"

SPEC CHECKSUMS:
  AvoInspector: 09237d9d8556699c47f334705567f822b7b7c796
  Expecta: 3b6bd90a64b9a1dcb0b70aa0e10a7f8f631667d5
  "Expecta+Snapshots": dcff217eef506dabd6dfdc7864ea2da321fafbb8
  FBSnapshotTestCase: 094f9f314decbabe373b87cc339bea235a63e07a
  IosAnalyticsDebugger: 4a6eab5ae94ce660e86fcef09d3360b18ec3bf48
  OCMock: 9491e4bec59e0b267d52a9184ff5605995e74be8
  Specta: 3e1bd89c3517421982dc4d1c992503e48bd5fe66

PODFILE CHECKSUM: ad292784f03479f9fd395e2d154a6f9718ace2be

COCOAPODS: 1.12.1
